{
  "name": "@litert/http",
  "version": "0.1.0-b1",
  "lockfileVersion": 1,
  "requires": true,
  "dependencies": {
    "@litert/core": {
      "version": "git+https://github.com/litert/core.js.git#2038b316792dbbcb3ee26ee5e942f68cf0e7fa9c"
    },
    "@types/node": {
      "version": "7.0.46",
      "resolved": "https://registry.npmjs.org/@types/node/-/node-7.0.46.tgz",
      "integrity": "sha512-u+JAi1KtmaUoU/EHJkxoiuvzyo91FCE41Z9TZWWcOUU3P8oUdlDLdrGzCGWySPgbRMD17B0B+1aaJLYI9egQ6A==",
      "dev": true
    },
    "langext": {
      "version": "1.2.1-rc-2",
      "resolved": "http://r.cnpmjs.org/langext/download/langext-1.2.1-rc-2.tgz",
      "integrity": "sha1-RWXtr5ok28qJrWYCU+Kz1DODQq8="
    },
    "typescript": {
      "version": "2.6.1",
      "resolved": "https://registry.npmjs.org/typescript/-/typescript-2.6.1.tgz",
      "integrity": "sha1-7znN6ierrAtQAkLWcmq5DgyEZjE=",
      "dev": true
    }
  }
}
