{
  "name": "@litert/http",
  "version": "0.1.0-b1",
  "lockfileVersion": 1,
  "requires": true,
  "dependencies": {
    "@litert/core": {
      "version": "git+https://github.com/litert/core.js.git#ada747d3340a6644eed62b4eba8bd30ff518d169"
    },
    "@types/node": {
      "version": "7.0.43",
      "resolved": "http://r.cnpmjs.org/@types/node/download/@types/node-7.0.43.tgz",
      "integrity": "sha1-oYfghJWgdfIAypRgeckU4aX+liw=",
      "dev": true
    },
    "langext": {
      "version": "1.2.1-rc-2",
      "resolved": "http://r.cnpmjs.org/langext/download/langext-1.2.1-rc-2.tgz",
      "integrity": "sha1-RWXtr5ok28qJrWYCU+Kz1DODQq8="
    },
    "typescript": {
      "version": "2.5.2",
      "resolved": "http://r.cnpmjs.org/typescript/download/typescript-2.5.2.tgz",
      "integrity": "sha1-A4qV99m7tCCxvzW6MdTFwd0//jQ=",
      "dev": true
    }
  }
}
